# THIS IS AN AUTOGENERATED FILE. DO NOT EDIT THIS FILE DIRECTLY.
# yarn lockfile v1


"@babel/helper-plugin-utils@^7.18.6", "@babel/helper-plugin-utils@^7.8.0":
  version "7.24.8"
  resolved "https://registry.yarnpkg.com/@babel/helper-plugin-utils/-/helper-plugin-utils-7.24.8.tgz#94ee67e8ec0e5d44ea7baeb51e571bd26af07878"
  integrity sha512-FFWx5142D8h2Mgr/iPVGH5G7w6jDn4jUSpZTyDnQO0Yn7Ks2Kuz6Pci8H6MPCoUJegd/UZQ3tAvfLCxQSnWWwg==

"@babel/plugin-proposal-nullish-coalescing-operator@^7.18.6":
  version "7.18.6"
  resolved "https://registry.yarnpkg.com/@babel/plugin-proposal-nullish-coalescing-operator/-/plugin-proposal-nullish-coalescing-operator-7.18.6.tgz#fdd940a99a740e577d6c753ab6fbb43fdb9467e1"
  integrity sha512-wQxQzxYeJqHcfppzBDnm1yAY0jSRkUXR2z8RePZYrKwMKgMlE8+Z6LUno+bd6LvbGh8Gltvy74+9pIYkr+XkKA==
  dependencies:
    "@babel/helper-plugin-utils" "^7.18.6"
    "@babel/plugin-syntax-nullish-coalescing-operator" "^7.8.3"

"@babel/plugin-syntax-nullish-coalescing-operator@^7.8.3":
  version "7.8.3"
  resolved "https://registry.yarnpkg.com/@babel/plugin-syntax-nullish-coalescing-operator/-/plugin-syntax-nullish-coalescing-operator-7.8.3.tgz#167ed70368886081f74b5c36c65a88c03b66d1a9"
  integrity sha512-aSff4zPII1u2QD7y+F8oDsz19ew4IGEJg9SVW+bqwpwtfFleiQDMdzA/R+UlWDzfnHFCxxleFT0PMIrR36XLNQ==
  dependencies:
    "@babel/helper-plugin-utils" "^7.8.0"

"@babel/runtime-corejs3@^7.25.6":
  version "7.25.6"
  resolved "https://registry.yarnpkg.com/@babel/runtime-corejs3/-/runtime-corejs3-7.25.6.tgz#5e3facf42775cc95bcde95746e940061931286e4"
  integrity sha512-Gz0Nrobx8szge6kQQ5Z5MX9L3ObqNwCQY1PSwSNzreFL7aHGxv8Fp2j3ETV6/wWdbiV+mW6OSm8oQhg3Tcsniw==
  dependencies:
    core-js-pure "^3.30.2"
    regenerator-runtime "^0.14.0"

core-js-pure@^3.30.2:
  version "3.38.1"
  resolved "https://registry.yarnpkg.com/core-js-pure/-/core-js-pure-3.38.1.tgz#e8534062a54b7221344884ba9b52474be495ada3"
  integrity sha512-BY8Etc1FZqdw1glX0XNOq2FDwfrg/VGqoZOZCdaL+UmdaqDwQwYXkMJT4t6In+zfEfOJDcM9T0KdbBeJg8KKCQ==

regenerator-runtime@^0.14.0:
  version "0.14.1"
  resolved "https://registry.yarnpkg.com/regenerator-runtime/-/regenerator-runtime-0.14.1.tgz#356ade10263f685dda125100cd862c1db895327f"
  integrity sha512-dYnhHh0nJoMfnkZs6GmmhFknAGRrLznOu5nc9ML+EJxGvrx6H7teuevqVqCuPcPK//3eDrrjQhehXVx9cnkGdw==
